<?xml version="1.0" encoding="utf-8"?>
<Project ToolsVersion="4.0" xmlns="http://schemas.microsoft.com/developer/msbuild/2003">
  <ItemGroup>
    <Filter Include="Source Files">
      <UniqueIdentifier>{4FC737F1-C7A5-4376-A066-2A32D752A2FF}</UniqueIdentifier>
      <Extensions>cpp;c;cc;cxx;c++;cppm;ixx;def;odl;idl;hpj;bat;asm;asmx</Extensions>
    </Filter>
    <Filter Include="Header Files">
      <UniqueIdentifier>{93995380-89BD-4b04-88EB-625FBE52EBFB}</UniqueIdentifier>
      <Extensions>h;hh;hpp;hxx;h++;hm;inl;inc;ipp;xsd</Extensions>
    </Filter>
    <Filter Include="Resource Files">
      <UniqueIdentifier>{67DA6AB6-F800-4c08-8B7A-83BB121AAD01}</UniqueIdentifier>
      <Extensions>rc;ico;cur;bmp;dlg;rc2;rct;bin;rgs;gif;jpg;jpeg;jpe;resx;tiff;tif;png;wav;mfcribbon-ms</Extensions>
    </Filter>
  </ItemGroup>
  <ItemGroup>
    <ClCompile Include="main.c">
      <Filter>Source Files</Filter>
    </ClCompile>
    <ClCompile Include="draw.c">
      <Filter>Source Files</Filter>
    </ClCompile>
    <ClCompile Include="map.c">
      <Filter>Source Files</Filter>
    </ClCompile>
    <ClCompile Include="player.c">
      <Filter>Source Files</Filter>
    </ClCompile>
    <ClCompile Include="keys.c">
      <Filter>Source Files</Filter>
    </ClCompile>
    <ClCompile Include="background.c">
      <Filter>Source Files</Filter>
    </ClCompile>
    <ClCompile Include="raycaster.c">
      <Filter>Source Files</Filter>
    </ClCompile>
    <ClCompile Include="wall.c">
      <Filter>Source Files</Filter>
    </ClCompile>
    <ClCompile Include="door.c">
      <Filter>Source Files</Filter>
    </ClCompile>
    <ClCompile Include="imageloader.c">
      <Filter>Source Files</Filter>
    </ClCompile>
    <ClCompile Include="gun.c">
      <Filter>Source Files</Filter>
    </ClCompile>
    <ClCompile Include="bullet.c">
      <Filter>Source Files</Filter>
    </ClCompile>
    <ClCompile Include="hud.c">
      <Filter>Source Files</Filter>
    </ClCompile>
    <ClCompile Include="enemy.c">
      <Filter>Source Files</Filter>
    </ClCompile>
    <ClCompile Include="item.c">
      <Filter>Source Files</Filter>
    </ClCompile>
  </ItemGroup>
  <ItemGroup>
    <ClInclude Include="draw.h">
      <Filter>Header Files</Filter>
    </ClInclude>
    <ClInclude Include="map.h">
      <Filter>Header Files</Filter>
    </ClInclude>
    <ClInclude Include="player.h">
      <Filter>Header Files</Filter>
    </ClInclude>
    <ClInclude Include="keys.h">
      <Filter>Header Files</Filter>
    </ClInclude>
    <ClInclude Include="background.h">
      <Filter>Header Files</Filter>
    </ClInclude>
    <ClInclude Include="raycaster.h">
      <Filter>Header Files</Filter>
    </ClInclude>
    <ClInclude Include="door.h">
      <Filter>Header Files</Filter>
    </ClInclude>
    <ClInclude Include="wall.h">
      <Filter>Header Files</Filter>
    </ClInclude>
    <ClInclude Include="imageloader.h">
      <Filter>Header Files</Filter>
    </ClInclude>
    <ClInclude Include="stb_image.h">
      <Filter>Header Files</Filter>
    </ClInclude>
    <ClInclude Include="gun.h">
      <Filter>Header Files</Filter>
    </ClInclude>
    <ClInclude Include="bullet.h">
      <Filter>Header Files</Filter>
    </ClInclude>
    <ClInclude Include="hud.h">
      <Filter>Header Files</Filter>
    </ClInclude>
    <ClInclude Include="enemy.h">
      <Filter>Header Files</Filter>
    </ClInclude>
    <ClInclude Include="item.h">
      <Filter>Header Files</Filter>
    </ClInclude>
  </ItemGroup>
  <ItemGroup>
    <Image Include="textures\enemy\enemy1_aim.png">
      <Filter>Resource Files</Filter>
    </Image>
    <Image Include="textures\enemy\enemy1_front.png">
      <Filter>Resource Files</Filter>
    </Image>
    <Image Include="textures\enemy\enemy1_back.png">
      <Filter>Resource Files</Filter>
    </Image>
    <Image Include="textures\enemy\enemy1_left.png">
      <Filter>Resource Files</Filter>
    </Image>
    <Image Include="textures\enemy\enemy1_shoot1.png">
      <Filter>Resource Files</Filter>
    </Image>
    <Image Include="textures\enemy\enemy1_right.png">
      <Filter>Resource Files</Filter>
    </Image>
    <Image Include="textures\enemy\enemy1_shoot2.png">
      <Filter>Resource Files</Filter>
    </Image>
    <Image Include="textures\enemy\enemy1_test.png">
      <Filter>Resource Files</Filter>
    </Image>
    <Image Include="textures\enemy\enemy1dead1.png">
      <Filter>Resource Files</Filter>
    </Image>
    <Image Include="textures\enemy\enemy1dead2.png">
      <Filter>Resource Files</Filter>
    </Image>
    <Image Include="textures\enemy\enemy1dead3.png">
      <Filter>Resource Files</Filter>
    </Image>
    <Image Include="textures\enemy\enemy1dead4.png">
      <Filter>Resource Files</Filter>
    </Image>
    <Image Include="textures\enemy\enemy1walk2.png">
      <Filter>Resource Files</Filter>
    </Image>
    <Image Include="textures\enemy\enemy1walk1.png">
      <Filter>Resource Files</Filter>
    </Image>
    <Image Include="textures\enemy\enemy1walk3.png">
      <Filter>Resource Files</Filter>
    </Image>
    <Image Include="textures\enemy\enemy1walk4.png">
      <Filter>Resource Files</Filter>
    </Image>
    <Image Include="textures\guns\pistol-1.png">
      <Filter>Resource Files</Filter>
    </Image>
    <Image Include="textures\guns\pistol-2.png">
      <Filter>Resource Files</Filter>
    </Image>
    <Image Include="textures\guns\pistol-3.png">
      <Filter>Resource Files</Filter>
    </Image>
    <Image Include="textures\hud\z.png">
      <Filter>Resource Files</Filter>
    </Image>
    <Image Include="textures\hud\y.png">
      <Filter>Resource Files</Filter>
    </Image>
    <Image Include="textures\hud\x.png">
      <Filter>Resource Files</Filter>
    </Image>
    <Image Include="textures\hud\w.png">
      <Filter>Resource Files</Filter>
    </Image>
    <Image Include="textures\hud\v.png">
      <Filter>Resource Files</Filter>
    </Image>
    <Image Include="textures\hud\u.png">
      <Filter>Resource Files</Filter>
    </Image>
    <Image Include="textures\hud\t.png">
      <Filter>Resource Files</Filter>
    </Image>
    <Image Include="textures\hud\s.png">
      <Filter>Resource Files</Filter>
    </Image>
    <Image Include="textures\hud\r.png">
      <Filter>Resource Files</Filter>
    </Image>
    <Image Include="textures\hud\q.png">
      <Filter>Resource Files</Filter>
    </Image>
    <Image Include="textures\hud\percent.png">
      <Filter>Resource Files</Filter>
    </Image>
    <Image Include="textures\hud\p.png">
      <Filter>Resource Files</Filter>
    </Image>
    <Image Include="textures\hud\o.png">
      <Filter>Resource Files</Filter>
    </Image>
    <Image Include="textures\hud\null.png">
      <Filter>Resource Files</Filter>
    </Image>
    <Image Include="textures\hud\n.png">
      <Filter>Resource Files</Filter>
    </Image>
    <Image Include="textures\hud\m.png">
      <Filter>Resource Files</Filter>
    </Image>
    <Image Include="textures\hud\l.png">
      <Filter>Resource Files</Filter>
    </Image>
    <Image Include="textures\hud\k.png">
      <Filter>Resource Files</Filter>
    </Image>
    <Image Include="textures\hud\j.png">
      <Filter>Resource Files</Filter>
    </Image>
    <Image Include="textures\hud\i.png">
      <Filter>Resource Files</Filter>
    </Image>
    <Image Include="textures\hud\health.png">
      <Filter>Resource Files</Filter>
    </Image>
    <Image Include="textures\hud\h.png">
      <Filter>Resource Files</Filter>
    </Image>
    <Image Include="textures\hud\g.png">
      <Filter>Resource Files</Filter>
    </Image>
    <Image Include="textures\hud\f.png">
      <Filter>Resource Files</Filter>
    </Image>
    <Image Include="textures\hud\e.png">
      <Filter>Resource Files</Filter>
    </Image>
    <Image Include="textures\hud\0.png">
      <Filter>Resource Files</Filter>
    </Image>
    <Image Include="textures\hud\1.png">
      <Filter>Resource Files</Filter>
    </Image>
    <Image Include="textures\hud\2.png">
      <Filter>Resource Files</Filter>
    </Image>
    <Image Include="textures\hud\3.png">
      <Filter>Resource Files</Filter>
    </Image>
    <Image Include="textures\hud\4.png">
      <Filter>Resource Files</Filter>
    </Image>
    <Image Include="textures\hud\5.png">
      <Filter>Resource Files</Filter>
    </Image>
    <Image Include="textures\hud\6.png">
      <Filter>Resource Files</Filter>
    </Image>
    <Image Include="textures\hud\7.png">
      <Filter>Resource Files</Filter>
    </Image>
    <Image Include="textures\hud\8.png">
      <Filter>Resource Files</Filter>
    </Image>
    <Image Include="textures\hud\9.png">
      <Filter>Resource Files</Filter>
    </Image>
    <Image Include="textures\hud\a.png">
      <Filter>Resource Files</Filter>
    </Image>
    <Image Include="textures\hud\ammo.png">
      <Filter>Resource Files</Filter>
    </Image>
    <Image Include="textures\hud\b.png">
      <Filter>Resource Files</Filter>
    </Image>
    <Image Include="textures\hud\c.png">
      <Filter>Resource Files</Filter>
    </Image>
    <Image Include="textures\hud\d.png">
      <Filter>Resource Files</Filter>
    </Image>
    <Image Include="textures\hud\demo1.png">
      <Filter>Resource Files</Filter>
    </Image>
    <Image Include="textures\items\medkit.png">
      <Filter>Resource Files</Filter>
    </Image>
    <Image Include="textures\walls\wall.png">
      <Filter>Resource Files</Filter>
    </Image>
    <Image Include="textures\walls\exit.png">
      <Filter>Resource Files</Filter>
    </Image>
    <Image Include="textures\walls\door.png">
      <Filter>Resource Files</Filter>
    </Image>
  </ItemGroup>
</Project>